# Generated by pub
# See https://dart.dev/tools/pub/glossary#lockfile
packages:
  _fe_analyzer_shared:
    dependency: transitive
    description:
      name: _fe_analyzer_shared
      sha256: "405666cd3cf0ee0a48d21ec67e65406aad2c726d9fa58840d3375e7bdcd32a07"
      url: "https://pub.dev"
    source: hosted
    version: "60.0.0"
  analyzer:
    dependency: transitive
    description:
      name: analyzer
      sha256: "1952250bd005bacb895a01bf1b4dc00e3ba1c526cf47dca54dfe24979c65f5b3"
      url: "https://pub.dev"
    source: hosted
    version: "5.12.0"
  archive:
    dependency: transitive
    description:
      name: archive
      sha256: "20071638cbe4e5964a427cfa0e86dce55d060bc7d82d56f3554095d7239a8765"
      url: "https://pub.dev"
    source: hosted
    version: "3.4.2"
  args:
    dependency: transitive
    description:
      name: args
      sha256: "7cf60b9f0cc88203c5a190b4cd62a99feea42759a7fa695010eb5de1c0b2252a"
      url: "https://pub.dev"
    source: hosted
    version: "2.5.0"
  async:
    dependency: transitive
    description:
      name: async
      sha256: "947bfcf187f74dbc5e146c9eb9c0f10c9f8b30743e341481c1e2ed3ecc18c20c"
      url: "https://pub.dev"
    source: hosted
    version: "2.11.0"
  auto_size_text:
    dependency: "direct main"
    description:
      name: auto_size_text
      sha256: "3f5261cd3fb5f2a9ab4e2fc3fba84fd9fcaac8821f20a1d4e71f557521b22599"
      url: "https://pub.dev"
    source: hosted
    version: "3.0.0"
  battery_plus:
    dependency: "direct main"
    description:
      name: battery_plus
      sha256: ba605aeafd6609cb5f8020c609a51941803a5fb2b6a7576f7c7eeeb52d29e750
      url: "https://pub.dev"
    source: hosted
    version: "5.0.3"
  battery_plus_platform_interface:
    dependency: transitive
    description:
      name: battery_plus_platform_interface
      sha256: e8342c0f32de4b1dfd0223114b6785e48e579bfc398da9471c9179b907fa4910
      url: "https://pub.dev"
    source: hosted
    version: "2.0.1"
  bloc:
    dependency: "direct main"
    description:
      name: bloc
      sha256: bd4f8027bfa60d96c8046dec5ce74c463b2c918dce1b0d36593575995344534a
      url: "https://pub.dev"
    source: hosted
    version: "8.1.0"
  bloc_test:
    dependency: "direct dev"
    description:
      name: bloc_test
      sha256: "622b97678bf8c06a94f4c26a89ee9ebf7319bf775383dee2233e86e1f94ee28d"
      url: "https://pub.dev"
    source: hosted
    version: "9.1.0"
  boolean_selector:
    dependency: transitive
    description:
      name: boolean_selector
      sha256: "6cfb5af12253eaf2b368f07bacc5a80d1301a071c73360d746b7f2e32d762c66"
      url: "https://pub.dev"
    source: hosted
    version: "2.1.1"
  build:
    dependency: transitive
    description:
      name: build
      sha256: "3fbda25365741f8251b39f3917fb3c8e286a96fd068a5a242e11c2012d495777"
      url: "https://pub.dev"
    source: hosted
    version: "2.3.1"
  built_collection:
    dependency: transitive
    description:
      name: built_collection
      sha256: "376e3dd27b51ea877c28d525560790aee2e6fbb5f20e2f85d5081027d94e2100"
      url: "https://pub.dev"
    source: hosted
    version: "5.1.1"
  built_value:
    dependency: transitive
    description:
      name: built_value
      sha256: "59e08b0079bb75f7e27392498e26339387c1089c6bd58525a14eb8508637277b"
      url: "https://pub.dev"
    source: hosted
    version: "8.4.2"
  change_case:
    dependency: "direct main"
    description:
      name: change_case
      sha256: "47c48c36f95f20c6d0ba03efabceff261d05026cca322cc2c4c01c343371b5bb"
      url: "https://pub.dev"
    source: hosted
    version: "2.0.1"
  characters:
    dependency: transitive
    description:
      name: characters
      sha256: "04a925763edad70e8443c99234dc3328f442e811f1d8fd1a72f1c8ad0f69a605"
      url: "https://pub.dev"
    source: hosted
    version: "1.3.0"
  checked_yaml:
    dependency: transitive
    description:
      name: checked_yaml
      sha256: feb6bed21949061731a7a75fc5d2aa727cf160b91af9a3e464c5e3a32e28b5ff
      url: "https://pub.dev"
    source: hosted
    version: "2.0.3"
  cli_util:
    dependency: transitive
    description:
      name: cli_util
      sha256: c05b7406fdabc7a49a3929d4af76bcaccbbffcbcdcf185b082e1ae07da323d19
      url: "https://pub.dev"
    source: hosted
    version: "0.4.1"
  clock:
    dependency: transitive
    description:
      name: clock
      sha256: cb6d7f03e1de671e34607e909a7213e31d7752be4fb66a86d29fe1eb14bfb5cf
      url: "https://pub.dev"
    source: hosted
    version: "1.1.1"
  code_builder:
    dependency: transitive
    description:
      name: code_builder
      sha256: "315a598c7fbe77f22de1c9da7cfd6fd21816312f16ffa124453b4fc679e540f1"
      url: "https://pub.dev"
    source: hosted
    version: "4.6.0"
  collection:
    dependency: "direct main"
    description:
      name: collection
      sha256: ee67cb0715911d28db6bf4af1026078bd6f0128b07a5f66fb2ed94ec6783c09a
      url: "https://pub.dev"
    source: hosted
    version: "1.18.0"
  convert:
    dependency: transitive
    description:
      name: convert
      sha256: "0f08b14755d163f6e2134cb58222dd25ea2a2ee8a195e53983d57c075324d592"
      url: "https://pub.dev"
    source: hosted
    version: "3.1.1"
  coverage:
    dependency: transitive
    description:
      name: coverage
      sha256: "8acabb8306b57a409bf4c83522065672ee13179297a6bb0cb9ead73948df7c76"
      url: "https://pub.dev"
    source: hosted
    version: "1.7.2"
  cross_file:
    dependency: transitive
    description:
      name: cross_file
      sha256: f71079978789bc2fe78d79227f1f8cfe195b31bbd8db2399b0d15a4b96fb843b
      url: "https://pub.dev"
    source: hosted
    version: "0.3.3+2"
  crypto:
    dependency: transitive
    description:
      name: crypto
      sha256: aa274aa7774f8964e4f4f38cc994db7b6158dd36e9187aaceaddc994b35c6c67
      url: "https://pub.dev"
    source: hosted
    version: "3.0.2"
  dart_style:
    dependency: transitive
    description:
      name: dart_style
      sha256: "7a03456c3490394c8e7665890333e91ae8a49be43542b616e414449ac358acd4"
      url: "https://pub.dev"
    source: hosted
    version: "2.2.4"
  dbus:
    dependency: transitive
    description:
      name: dbus
      sha256: "365c771ac3b0e58845f39ec6deebc76e3276aa9922b0cc60840712094d9047ac"
      url: "https://pub.dev"
    source: hosted
    version: "0.7.10"
  diff_match_patch:
    dependency: transitive
    description:
      name: diff_match_patch
      sha256: "2efc9e6e8f449d0abe15be240e2c2a3bcd977c8d126cfd70598aee60af35c0a4"
      url: "https://pub.dev"
    source: hosted
    version: "0.4.1"
  fake_async:
    dependency: transitive
    description:
      name: fake_async
      sha256: "511392330127add0b769b75a987850d136345d9227c6b94c96a04cf4a391bf78"
      url: "https://pub.dev"
    source: hosted
    version: "1.3.1"
  ffi:
    dependency: "direct main"
    description:
      name: ffi
      sha256: a38574032c5f1dd06c4aee541789906c12ccaab8ba01446e800d9c5b79c4a978
      url: "https://pub.dev"
    source: hosted
    version: "2.0.1"
  ffigen:
    dependency: "direct dev"
    description:
      name: ffigen
      sha256: d3e76c2ad48a4e7f93a29a162006f00eba46ce7c08194a77bb5c5e97d1b5ff0a
      url: "https://pub.dev"
    source: hosted
    version: "8.0.2"
  file:
    dependency: transitive
    description:
      name: file
      sha256: "1b92bec4fc2a72f59a8e15af5f52cd441e4a7860b49499d69dfa817af20e925d"
      url: "https://pub.dev"
    source: hosted
    version: "6.1.4"
  file_selector:
    dependency: "direct main"
    description:
      name: file_selector
      sha256: "59b35aa4af7988be7ec88f9ddaa6c71c5b54bf0f8b35009389d9343b10e9c3af"
      url: "https://pub.dev"
    source: hosted
    version: "1.0.0"
  file_selector_android:
    dependency: transitive
    description:
      name: file_selector_android
      sha256: "59e694afad4609d689185a608958c85fbccb3e6feab12a6b8c95a2c0f90ad2f7"
      url: "https://pub.dev"
    source: hosted
    version: "0.5.0+1"
  file_selector_ios:
    dependency: transitive
    description:
      name: file_selector_ios
      sha256: "904091b110b64565566fbb98b334590670de5d7ddd7541be15db22d4e64203eb"
      url: "https://pub.dev"
    source: hosted
    version: "0.5.0+2"
  file_selector_linux:
    dependency: transitive
    description:
      name: file_selector_linux
      sha256: "770eb1ab057b5ae4326d1c24cc57710758b9a46026349d021d6311bd27580046"
      url: "https://pub.dev"
    source: hosted
    version: "0.9.2"
  file_selector_macos:
    dependency: transitive
    description:
      name: file_selector_macos
      sha256: "7a6f1ae6107265664f3f7f89a66074882c4d506aef1441c9af313c1f7e6f41ce"
      url: "https://pub.dev"
    source: hosted
    version: "0.9.3"
  file_selector_platform_interface:
    dependency: transitive
    description:
      name: file_selector_platform_interface
      sha256: "412705a646a0ae90f33f37acfae6a0f7cbc02222d6cd34e479421c3e74d3853c"
      url: "https://pub.dev"
    source: hosted
    version: "2.6.0"
  file_selector_web:
    dependency: transitive
    description:
      name: file_selector_web
      sha256: a890ca514f053e976ad7632cd1e665e2c4543d5acd82ec352a8d5709c55d6363
      url: "https://pub.dev"
    source: hosted
    version: "0.9.1"
  file_selector_windows:
    dependency: transitive
    description:
      name: file_selector_windows
      sha256: "1372760c6b389842b77156203308940558a2817360154084368608413835fc26"
      url: "https://pub.dev"
    source: hosted
    version: "0.9.3"
  filesize:
    dependency: "direct main"
    description:
      name: filesize
      sha256: f53df1f27ff60e466eefcd9df239e02d4722d5e2debee92a87dfd99ac66de2af
      url: "https://pub.dev"
    source: hosted
    version: "2.0.1"
  fixnum:
    dependency: "direct main"
    description:
      name: fixnum
      sha256: "04be3e934c52e082558cc9ee21f42f5c1cd7a1262f4c63cd0357c08d5bba81ec"
      url: "https://pub.dev"
    source: hosted
    version: "1.0.1"
  flex_color_picker:
    dependency: "direct main"
    description:
      name: flex_color_picker
      sha256: "1e34b68692c9f1cf709d2a1d7e8028574a3acc0df98fde2b57577858bf84d982"
      url: "https://pub.dev"
    source: hosted
    version: "3.0.0"
  flex_seed_scheme:
    dependency: transitive
    description:
      name: flex_seed_scheme
      sha256: "29c12aba221eb8a368a119685371381f8035011d18de5ba277ad11d7dfb8657f"
      url: "https://pub.dev"
    source: hosted
    version: "1.4.0"
  flutter:
    dependency: "direct main"
    description: flutter
    source: sdk
    version: "0.0.0"
  flutter_bloc:
    dependency: "direct main"
    description:
      name: flutter_bloc
      sha256: "890c51c8007f0182360e523518a0c732efb89876cb4669307af7efada5b55557"
      url: "https://pub.dev"
    source: hosted
    version: "8.1.1"
  flutter_launcher_icons:
    dependency: "direct dev"
    description:
      name: flutter_launcher_icons
      sha256: "619817c4b65b322b5104b6bb6dfe6cda62d9729bd7ad4303ecc8b4e690a67a77"
      url: "https://pub.dev"
    source: hosted
    version: "0.14.1"
  flutter_localizations:
    dependency: "direct main"
    description: flutter
    source: sdk
    version: "0.0.0"
  flutter_svg:
    dependency: "direct main"
    description:
      name: flutter_svg
      sha256: f999d84ad2efda1c4c3956e7968b713b3a24b06f0a0e4798e844e16bbb9bb70b
      url: "https://pub.dev"
    source: hosted
    version: "2.0.0+1"
  flutter_test:
    dependency: "direct dev"
    description: flutter
    source: sdk
    version: "0.0.0"
  flutter_web_plugins:
    dependency: transitive
    description: flutter
    source: sdk
    version: "0.0.0"
  from_css_color:
    dependency: "direct main"
    description:
      name: from_css_color
      sha256: "5e4d1795c8d10af94e51dd97636b2a29170a132be1aceba103e9866028d20823"
      url: "https://pub.dev"
    source: hosted
    version: "2.0.0"
  frontend_server_client:
    dependency: transitive
    description:
      name: frontend_server_client
      sha256: "408e3ca148b31c20282ad6f37ebfa6f4bdc8fede5b74bc2f08d9d92b55db3612"
      url: "https://pub.dev"
    source: hosted
    version: "3.2.0"
  fuzzywuzzy:
    dependency: "direct main"
    description:
      name: fuzzywuzzy
      sha256: a84b99ebb21c448e02267070c91b218b4fbbef9c668b344aaeada49865985cae
      url: "https://pub.dev"
    source: hosted
    version: "1.1.6"
  glob:
    dependency: transitive
    description:
      name: glob
      sha256: "4515b5b6ddb505ebdd242a5f2cc5d22d3d6a80013789debfbda7777f47ea308c"
      url: "https://pub.dev"
    source: hosted
    version: "2.1.1"
  googleapis_auth:
    dependency: transitive
    description:
      name: googleapis_auth
      sha256: "127b1bbd32170ab8312f503bd57f1d654d8e4039ddfbc63c027d3f7ade0eff74"
      url: "https://pub.dev"
    source: hosted
    version: "1.3.1"
  grpc:
    dependency: "direct main"
    description:
      name: grpc
      sha256: "5b99b7a420937d4361ece68b798c9af8e04b5bc128a7859f2a4be87427694813"
      url: "https://pub.dev"
    source: hosted
    version: "4.0.1"
  http:
    dependency: transitive
    description:
      name: http
      sha256: "6aa2946395183537c8b880962d935877325d6a09a2867c3970c05c0fed6ac482"
      url: "https://pub.dev"
    source: hosted
    version: "0.13.5"
  http2:
    dependency: transitive
    description:
      name: http2
      sha256: "382d3aefc5bd6dc68c6b892d7664f29b5beb3251611ae946a98d35158a82bbfa"
      url: "https://pub.dev"
    source: hosted
    version: "2.3.1"
  http_multi_server:
    dependency: transitive
    description:
      name: http_multi_server
      sha256: "97486f20f9c2f7be8f514851703d0119c3596d14ea63227af6f7a481ef2b2f8b"
      url: "https://pub.dev"
    source: hosted
    version: "3.2.1"
  http_parser:
    dependency: transitive
    description:
      name: http_parser
      sha256: "2aa08ce0341cc9b354a498388e30986515406668dbcc4f7c950c3e715496693b"
      url: "https://pub.dev"
    source: hosted
    version: "4.0.2"
  i18n_extension:
    dependency: "direct main"
    description:
      name: i18n_extension
      sha256: fdb0a8da42b5011007f27bb21cc54870384a1034c467496fa551f8dd3fdceb5f
      url: "https://pub.dev"
    source: hosted
    version: "11.0.11"
  i18n_extension_core:
    dependency: transitive
    description:
      name: i18n_extension_core
      sha256: "8a28e063447f19945365b65d3bf5b52dcca67883e5b769eda759977bb0ea60f2"
      url: "https://pub.dev"
    source: hosted
    version: "2.0.5"
  image:
    dependency: transitive
    description:
      name: image
      sha256: "2237616a36c0d69aef7549ab439b833fb7f9fb9fc861af2cc9ac3eedddd69ca8"
      url: "https://pub.dev"
    source: hosted
    version: "4.2.0"
  intl:
    dependency: "direct main"
    description:
      name: intl
      sha256: "3bc132a9dbce73a7e4a21a17d06e1878839ffbf975568bc875c60537824b0c4d"
      url: "https://pub.dev"
    source: hosted
    version: "0.18.1"
  io:
    dependency: transitive
    description:
      name: io
      sha256: "0d4c73c3653ab85bf696d51a9657604c900a370549196a91f33e4c39af760852"
      url: "https://pub.dev"
    source: hosted
    version: "1.0.3"
  js:
    dependency: transitive
    description:
      name: js
      sha256: f2c445dce49627136094980615a031419f7f3eb393237e4ecd97ac15dea343f3
      url: "https://pub.dev"
    source: hosted
    version: "0.6.7"
  json_annotation:
    dependency: transitive
    description:
      name: json_annotation
      sha256: "1ce844379ca14835a50d2f019a3099f419082cfdd231cd86a142af94dd5c6bb1"
      url: "https://pub.dev"
    source: hosted
    version: "4.9.0"
  leak_tracker:
    dependency: transitive
    description:
      name: leak_tracker
      sha256: "78eb209deea09858f5269f5a5b02be4049535f568c07b275096836f01ea323fa"
      url: "https://pub.dev"
    source: hosted
    version: "10.0.0"
  leak_tracker_flutter_testing:
    dependency: transitive
    description:
      name: leak_tracker_flutter_testing
      sha256: b46c5e37c19120a8a01918cfaf293547f47269f7cb4b0058f21531c2465d6ef0
      url: "https://pub.dev"
    source: hosted
    version: "2.0.1"
  leak_tracker_testing:
    dependency: transitive
    description:
      name: leak_tracker_testing
      sha256: a597f72a664dbd293f3bfc51f9ba69816f84dcd403cdac7066cb3f6003f3ab47
      url: "https://pub.dev"
    source: hosted
    version: "2.0.1"
  logging:
    dependency: transitive
    description:
      name: logging
      sha256: c0bbfe94d46aedf9b8b3e695cf3bd48c8e14b35e3b2c639e0aa7755d589ba946
      url: "https://pub.dev"
    source: hosted
    version: "1.1.0"
  matcher:
    dependency: transitive
    description:
      name: matcher
      sha256: d2323aa2060500f906aa31a895b4030b6da3ebdcc5619d14ce1aada65cd161cb
      url: "https://pub.dev"
    source: hosted
    version: "0.12.16+1"
  material_color_utilities:
    dependency: transitive
    description:
      name: material_color_utilities
      sha256: "0e0a020085b65b6083975e499759762399b4475f766c21668c4ecca34ea74e5a"
      url: "https://pub.dev"
    source: hosted
    version: "0.8.0"
  material_design_icons_flutter:
    dependency: "direct main"
    description:
      name: material_design_icons_flutter
      sha256: "6f986b7a51f3ad4c00e33c5c84e8de1bdd140489bbcdc8b66fc1283dad4dea5a"
      url: "https://pub.dev"
    source: hosted
    version: "7.0.7296"
  meta:
    dependency: transitive
    description:
      name: meta
      sha256: d584fa6707a52763a52446f02cc621b077888fb63b93bbcb1143a7be5a0c0c04
      url: "https://pub.dev"
    source: hosted
    version: "1.11.0"
  mime:
    dependency: transitive
    description:
      name: mime
      sha256: "52e38f7e1143ef39daf532117d6b8f8f617bf4bcd6044ed8c29040d20d269630"
      url: "https://pub.dev"
    source: hosted
    version: "1.0.3"
  mockito:
    dependency: "direct dev"
    description:
      name: mockito
      sha256: "7d5b53bcd556c1bc7ffbe4e4d5a19c3e112b7e925e9e172dd7c6ad0630812616"
      url: "https://pub.dev"
    source: hosted
    version: "5.4.2"
  mocktail:
    dependency: transitive
    description:
      name: mocktail
      sha256: "80a996cd9a69284b3dc521ce185ffe9150cde69767c2d3a0720147d93c0cef53"
      url: "https://pub.dev"
    source: hosted
    version: "0.3.0"
  multicast_dns:
    dependency: "direct main"
    description:
      name: multicast_dns
      sha256: "80e54aba906a7cc68fdc6a201e76b135af27155e2f8e958181d85e2b73786591"
      url: "https://pub.dev"
    source: hosted
    version: "0.3.2+3"
  nativeshell:
    dependency: "direct main"
    description:
      path: nativeshell_dart
      ref: "36ceab5"
      resolved-ref: "36ceab5914551cf8c7e9e5adfda1806fded5383a"
      url: "https://github.com/maxjoehnk/nativeshell.git"
    source: git
    version: "0.1.16"
  nested:
    dependency: transitive
    description:
      name: nested
      sha256: "03bac4c528c64c95c722ec99280375a6f2fc708eec17c7b3f07253b626cd2a20"
      url: "https://pub.dev"
    source: hosted
    version: "1.0.0"
  node_preamble:
    dependency: transitive
    description:
      name: node_preamble
      sha256: "8ebdbaa3b96d5285d068f80772390d27c21e1fa10fb2df6627b1b9415043608d"
      url: "https://pub.dev"
    source: hosted
    version: "2.0.1"
  package_config:
    dependency: transitive
    description:
      name: package_config
      sha256: "1c5b77ccc91e4823a5af61ee74e6b972db1ef98c2ff5a18d3161c982a55448bd"
      url: "https://pub.dev"
    source: hosted
    version: "2.1.0"
  path:
    dependency: transitive
    description:
      name: path
      sha256: "087ce49c3f0dc39180befefc60fdb4acd8f8620e5682fe2476afd0b3688bb4af"
      url: "https://pub.dev"
    source: hosted
    version: "1.9.0"
  path_parsing:
    dependency: transitive
    description:
      name: path_parsing
      sha256: e3e67b1629e6f7e8100b367d3db6ba6af4b1f0bb80f64db18ef1fbabd2fa9ccf
      url: "https://pub.dev"
    source: hosted
    version: "1.0.1"
  pedantic:
    dependency: transitive
    description:
      name: pedantic
      sha256: "67fc27ed9639506c856c840ccce7594d0bdcd91bc8d53d6e52359449a1d50602"
      url: "https://pub.dev"
    source: hosted
    version: "1.11.1"
  petitparser:
    dependency: transitive
    description:
      name: petitparser
      sha256: "49392a45ced973e8d94a85fdb21293fbb40ba805fc49f2965101ae748a3683b4"
      url: "https://pub.dev"
    source: hosted
    version: "5.1.0"
  plugin_platform_interface:
    dependency: transitive
    description:
      name: plugin_platform_interface
      sha256: "4820fbfdb9478b1ebae27888254d445073732dae3d6ea81f0b7e06d5dedc3f02"
      url: "https://pub.dev"
    source: hosted
    version: "2.1.8"
  pointycastle:
    dependency: transitive
    description:
      name: pointycastle
      sha256: db7306cf0249f838d1a24af52b5a5887c5bf7f31d8bb4e827d071dc0939ad346
      url: "https://pub.dev"
    source: hosted
    version: "3.6.2"
  pool:
    dependency: transitive
    description:
      name: pool
      sha256: "20fe868b6314b322ea036ba325e6fc0711a22948856475e2c2b6306e8ab39c2a"
      url: "https://pub.dev"
    source: hosted
    version: "1.5.1"
  protobuf:
    dependency: "direct main"
    description:
      name: protobuf
      sha256: "01dd9bd0fa02548bf2ceee13545d4a0ec6046459d847b6b061d8a27237108a08"
      url: "https://pub.dev"
    source: hosted
    version: "2.1.0"
  provider:
    dependency: "direct main"
    description:
      name: provider
      sha256: cdbe7530b12ecd9eb455bdaa2fcb8d4dad22e80b8afb4798b41479d5ce26847f
      url: "https://pub.dev"
    source: hosted
    version: "6.0.5"
  pub_semver:
    dependency: transitive
    description:
      name: pub_semver
      sha256: "307de764d305289ff24ad257ad5c5793ce56d04947599ad68b3baa124105fc17"
      url: "https://pub.dev"
    source: hosted
    version: "2.1.3"
  quiver:
    dependency: transitive
    description:
      name: quiver
      sha256: "93982981971e812c94d4a6fa3a57b89f9ec12b38b6380cd3c1370c3b01e4580e"
      url: "https://pub.dev"
    source: hosted
    version: "3.1.0"
  select_form_field:
    dependency: "direct main"
    description:
      name: select_form_field
      sha256: "11b2ab3842b9da2a49a7933239c3d428e0cd2d0aa6a70b7e70f370dbf263a751"
      url: "https://pub.dev"
    source: hosted
    version: "2.2.0"
  shelf:
    dependency: transitive
    description:
      name: shelf
      sha256: c24a96135a2ccd62c64b69315a14adc5c3419df63b4d7c05832a346fdb73682c
      url: "https://pub.dev"
    source: hosted
    version: "1.4.0"
  shelf_packages_handler:
    dependency: transitive
    description:
      name: shelf_packages_handler
      sha256: aef74dc9195746a384843102142ab65b6a4735bb3beea791e63527b88cc83306
      url: "https://pub.dev"
    source: hosted
    version: "3.0.1"
  shelf_static:
    dependency: transitive
    description:
      name: shelf_static
      sha256: e792b76b96a36d4a41b819da593aff4bdd413576b3ba6150df5d8d9996d2e74c
      url: "https://pub.dev"
    source: hosted
    version: "1.1.1"
  shelf_web_socket:
    dependency: transitive
    description:
      name: shelf_web_socket
      sha256: a988c0e8d8ffbdb8a28aa7ec8e449c260f3deb808781fe1284d22c5bba7156e8
      url: "https://pub.dev"
    source: hosted
    version: "1.0.3"
  sky_engine:
    dependency: transitive
    description: flutter
    source: sdk
    version: "0.0.99"
  source_gen:
    dependency: transitive
    description:
      name: source_gen
      sha256: "2d79738b6bbf38a43920e2b8d189e9a3ce6cc201f4b8fc76be5e4fe377b1c38d"
      url: "https://pub.dev"
    source: hosted
    version: "1.2.6"
  source_map_stack_trace:
    dependency: transitive
    description:
      name: source_map_stack_trace
      sha256: "84cf769ad83aa6bb61e0aa5a18e53aea683395f196a6f39c4c881fb90ed4f7ae"
      url: "https://pub.dev"
    source: hosted
    version: "2.1.1"
  source_maps:
    dependency: transitive
    description:
      name: source_maps
      sha256: "490098075234dcedb83c5d949b4c93dad5e6b7702748de000be2b57b8e6b2427"
      url: "https://pub.dev"
    source: hosted
    version: "0.10.11"
  source_span:
    dependency: transitive
    description:
      name: source_span
      sha256: "53e943d4206a5e30df338fd4c6e7a077e02254531b138a15aec3bd143c1a8b3c"
      url: "https://pub.dev"
    source: hosted
    version: "1.10.0"
  sprintf:
    dependency: transitive
    description:
      name: sprintf
      sha256: "1fc9ffe69d4df602376b52949af107d8f5703b77cda567c4d7d86a0693120f23"
      url: "https://pub.dev"
    source: hosted
    version: "7.0.0"
  stack_trace:
    dependency: transitive
    description:
      name: stack_trace
      sha256: "73713990125a6d93122541237550ee3352a2d84baad52d375a4cad2eb9b7ce0b"
      url: "https://pub.dev"
    source: hosted
    version: "1.11.1"
  stream_channel:
    dependency: transitive
    description:
      name: stream_channel
      sha256: ba2aa5d8cc609d96bbb2899c28934f9e1af5cddbd60a827822ea467161eb54e7
      url: "https://pub.dev"
    source: hosted
    version: "2.1.2"
  string_scanner:
    dependency: transitive
    description:
      name: string_scanner
      sha256: "556692adab6cfa87322a115640c11f13cb77b3f076ddcc5d6ae3c20242bedcde"
      url: "https://pub.dev"
    source: hosted
    version: "1.2.0"
  term_glyph:
    dependency: transitive
    description:
      name: term_glyph
      sha256: a29248a84fbb7c79282b40b8c72a1209db169a2e0542bce341da992fe1bc7e84
      url: "https://pub.dev"
    source: hosted
    version: "1.2.1"
  test:
    dependency: "direct dev"
    description:
      name: test
      sha256: a1f7595805820fcc05e5c52e3a231aedd0b72972cb333e8c738a8b1239448b6f
      url: "https://pub.dev"
    source: hosted
    version: "1.24.9"
  test_api:
    dependency: transitive
    description:
      name: test_api
      sha256: "5c2f730018264d276c20e4f1503fd1308dfbbae39ec8ee63c5236311ac06954b"
      url: "https://pub.dev"
    source: hosted
    version: "0.6.1"
  test_core:
    dependency: transitive
    description:
      name: test_core
      sha256: a757b14fc47507060a162cc2530d9a4a2f92f5100a952c7443b5cad5ef5b106a
      url: "https://pub.dev"
    source: hosted
    version: "0.5.9"
  toggle_switch:
    dependency: "direct main"
    description:
      name: toggle_switch
      sha256: "9e6af1f0c5a97d9de41109dc7b9e1b3bbe73417f89b10e0e44dc834fb493d4cb"
      url: "https://pub.dev"
    source: hosted
    version: "2.1.0"
  typed_data:
    dependency: transitive
    description:
      name: typed_data
      sha256: "26f87ade979c47a150c9eaab93ccd2bebe70a27dc0b4b29517f2904f04eb11a5"
      url: "https://pub.dev"
    source: hosted
    version: "1.3.1"
  upower:
    dependency: transitive
    description:
      name: upower
      sha256: cf042403154751180affa1d15614db7fa50234bc2373cd21c3db666c38543ebf
      url: "https://pub.dev"
    source: hosted
    version: "0.7.0"
  vector_graphics:
    dependency: transitive
    description:
      name: vector_graphics
      sha256: "09562ef5f47aa84f6567495adb6b9cb2a3192b82c352623b8bd00b300d62603b"
      url: "https://pub.dev"
    source: hosted
    version: "1.0.1"
  vector_graphics_codec:
    dependency: transitive
    description:
      name: vector_graphics_codec
      sha256: "886e57742644ebed024dc3ade29712e37eea1b03d294fb314c0a3386243fe5a6"
      url: "https://pub.dev"
    source: hosted
    version: "1.0.1"
  vector_graphics_compiler:
    dependency: transitive
    description:
      name: vector_graphics_compiler
      sha256: "5d9010c4a292766c55395b2288532579a85673f8148460d1e233d98ffe10d24e"
      url: "https://pub.dev"
    source: hosted
    version: "1.0.1"
  vector_math:
    dependency: "direct main"
    description:
      name: vector_math
      sha256: "80b3257d1492ce4d091729e3a67a60407d227c27241d6927be0130c98e741803"
      url: "https://pub.dev"
    source: hosted
    version: "2.1.4"
  vm_service:
    dependency: transitive
    description:
      name: vm_service
      sha256: b3d56ff4341b8f182b96aceb2fa20e3dcb336b9f867bc0eafc0de10f1048e957
      url: "https://pub.dev"
    source: hosted
    version: "13.0.0"
  watcher:
    dependency: transitive
    description:
      name: watcher
      sha256: "6a7f46926b01ce81bfc339da6a7f20afbe7733eff9846f6d6a5466aa4c6667c0"
      url: "https://pub.dev"
    source: hosted
    version: "1.0.2"
  web_socket_channel:
    dependency: transitive
    description:
      name: web_socket_channel
      sha256: "3a969ddcc204a3e34e863d204b29c0752716f78b6f9cc8235083208d268a4ccd"
      url: "https://pub.dev"
    source: hosted
    version: "2.2.0"
  webkit_inspection_protocol:
    dependency: transitive
    description:
      name: webkit_inspection_protocol
      sha256: "67d3a8b6c79e1987d19d848b0892e582dbb0c66c57cc1fef58a177dd2aa2823d"
      url: "https://pub.dev"
    source: hosted
    version: "1.2.0"
  xml:
    dependency: transitive
    description:
      name: xml
      sha256: ac0e3f4bf00ba2708c33fbabbbe766300e509f8c82dbd4ab6525039813f7e2fb
      url: "https://pub.dev"
    source: hosted
    version: "6.1.0"
  yaml:
    dependency: transitive
    description:
      name: yaml
      sha256: "75769501ea3489fca56601ff33454fe45507ea3bfb014161abc3b43ae25989d5"
      url: "https://pub.dev"
    source: hosted
    version: "3.1.2"
  yaml_edit:
    dependency: transitive
    description:
      name: yaml_edit
      sha256: "4240d1b19841b8af5786121e4e357735cc2a8ffb19176bff5769d73c34e2a8a5"
      url: "https://pub.dev"
    source: hosted
    version: "2.0.3"
sdks:
  dart: ">=3.3.0 <4.0.0"
  flutter: ">=3.19.0"
